
Microsoft Visual Studio Solution File, Format Version 12.00
# Visual Studio Version 17
VisualStudioVersion = 17.1.32210.238
MinimumVisualStudioVersion = 10.0.40219.1
Project("{F184B08F-C81C-45F6-A57F-5ABD9991F28F}") = "PictureViewer", "PictureViewer.vbproj", "{D347B9F0-8557-4289-A2CB-CB7C937D6219}"
EndProject
Global
	GlobalSection(SolutionConfigurationPlatforms) = preSolution
		Debug|Any CPU = Debug|Any CPU
		Release|Any CPU = Release|Any CPU
	EndGlobalSection
	GlobalSection(ProjectConfigurationPlatforms) = postSolution
		{D347B9F0-8557-4289-A2CB-CB7C937D6219}.Debug|Any CPU.ActiveCfg = Debug|Any CPU
		{D347B9F0-8557-4289-A2CB-CB7C937D6219}.Debug|Any CPU.Build.0 = Debug|Any CPU
		{D347B9F0-8557-4289-A2CB-CB7C937D6219}.Release|Any CPU.ActiveCfg = Release|Any CPU
		{D347B9F0-8557-4289-A2CB-CB7C937D6219}.Release|Any CPU.Build.0 = Release|Any CPU
	EndGlobalSection
	GlobalSection(SolutionProperties) = preSolution
		HideSolutionNode = FALSE
	EndGlobalSection
	GlobalSection(ExtensibilityGlobals) = postSolution
		SolutionGuid = {C3286F2A-8C2F-43AF-B734-C1A31848470E}
	EndGlobalSection
EndGlobal
